# This file is generated by running "yarn install" inside your project.
# Manual changes might be lost - proceed with caution!

__metadata:
  version: 6
  cacheKey: 8

"@types/node@npm:^20.1.4":
  version: 20.1.4
  resolution: "@types/node@npm:20.1.4"
  checksum: bffa6a6e92831cc805b13658c55be8e04abe3202d5e57ddd7fee4cfbe269656a1f475909a9f9514e1aff50310d0d90c516ac2c649cb6f1c77d4b1079c2fd1e88
  languageName: node
  linkType: hard

"wx-mihomo@workspace:.":
  version: 0.0.0-use.local
  resolution: "wx-mihomo@workspace:."
  dependencies:
    "@types/node": ^20.1.4
  languageName: unknown
  linkType: soft
