# This file is generated by running "yarn install" inside your project.
# Manual changes might be lost - proceed with caution!

__metadata:
  version: 6
  cacheKey: 8

"@types/node@npm:^20.1.4":
  version: 20.1.4
  resolution: "@types/node@npm:20.1.4"
  checksum: bffa6a6e92831cc805b13658c55be8e04abe3202d5e57ddd7fee4cfbe269656a1f475909a9f9514e1aff50310d0d90c516ac2c649cb6f1c77d4b1079c2fd1e88
  languageName: node
  linkType: hard

"typescript@npm:^5.0.4":
  version: 5.0.4
  resolution: "typescript@npm:5.0.4"
  bin:
    tsc: bin/tsc
    tsserver: bin/tsserver
  checksum: 82b94da3f4604a8946da585f7d6c3025fff8410779e5bde2855ab130d05e4fd08938b9e593b6ebed165bda6ad9292b230984f10952cf82f0a0ca07bbeaa08172
  languageName: node
  linkType: hard

"typescript@patch:typescript@^5.0.4#~builtin<compat/typescript>":
  version: 5.0.4
  resolution: "typescript@patch:typescript@npm%3A5.0.4#~builtin<compat/typescript>::version=5.0.4&hash=f456af"
  bin:
    tsc: bin/tsc
    tsserver: bin/tsserver
  checksum: 6a1fe9a77bb9c5176ead919cc4a1499ee63e46b4e05bf667079f11bf3a8f7887f135aa72460a4c3b016e6e6bb65a822cb8689a6d86cbfe92d22cc9f501f09213
  languageName: node
  linkType: hard

"wx-mihomo@workspace:.":
  version: 0.0.0-use.local
  resolution: "wx-mihomo@workspace:."
  dependencies:
    "@types/node": ^20.1.4
    typescript: ^5.0.4
  languageName: unknown
  linkType: soft
